
Microsoft Visual Studio Solution File, Format Version 12.00
# Visual Studio Version 17
VisualStudioVersion = 17.13.35931.197 d17.13
MinimumVisualStudioVersion = 10.0.40219.1
Project("{888888A0-9F3D-457C-B088-3A5042F75D52}") = "Deneme", "Deneme.pyproj", "{ED6F3B8C-22D8-441C-AB5F-6A8648D6022B}"
EndProject
Global
	GlobalSection(SolutionConfigurationPlatforms) = preSolution
		Debug|Any CPU = Debug|Any CPU
		Release|Any CPU = Release|Any CPU
	EndGlobalSection
	GlobalSection(ProjectConfigurationPlatforms) = postSolution
		{ED6F3B8C-22D8-441C-AB5F-6A8648D6022B}.Debug|Any CPU.ActiveCfg = Debug|Any CPU
		{ED6F3B8C-22D8-441C-AB5F-6A8648D6022B}.Release|Any CPU.ActiveCfg = Release|Any CPU
	EndGlobalSection
	GlobalSection(SolutionProperties) = preSolution
		HideSolutionNode = FALSE
	EndGlobalSection
	GlobalSection(ExtensibilityGlobals) = postSolution
		SolutionGuid = {100137F5-04C3-463C-AB30-6B1C4D8CE3DB}
	EndGlobalSection
EndGlobal
