
Microsoft Visual Studio Solution File, Format Version 12.00
# Visual Studio Version 17
VisualStudioVersion = 17.13.35931.197 d17.13
MinimumVisualStudioVersion = 10.0.40219.1
Project("{FAE04EC0-301F-11D3-BF4B-00C04F79EFBC}") = "DatingApp2025", "DatingApp2025\DatingApp2025.csproj", "{BFFBFE0B-A23F-4C69-ABD2-94AB3EBDAF71}"
EndProject
Global
	GlobalSection(SolutionConfigurationPlatforms) = preSolution
		Debug|Any CPU = Debug|Any CPU
		Release|Any CPU = Release|Any CPU
	EndGlobalSection
	GlobalSection(ProjectConfigurationPlatforms) = postSolution
		{BFFBFE0B-A23F-4C69-ABD2-94AB3EBDAF71}.Debug|Any CPU.ActiveCfg = Debug|Any CPU
		{BFFBFE0B-A23F-4C69-ABD2-94AB3EBDAF71}.Debug|Any CPU.Build.0 = Debug|Any CPU
		{BFFBFE0B-A23F-4C69-ABD2-94AB3EBDAF71}.Release|Any CPU.ActiveCfg = Release|Any CPU
		{BFFBFE0B-A23F-4C69-ABD2-94AB3EBDAF71}.Release|Any CPU.Build.0 = Release|Any CPU
	EndGlobalSection
	GlobalSection(SolutionProperties) = preSolution
		HideSolutionNode = FALSE
	EndGlobalSection
	GlobalSection(ExtensibilityGlobals) = postSolution
		SolutionGuid = {9C32B4DC-9C8A-46E2-BF6C-B0C0655B4B5B}
	EndGlobalSection
EndGlobal
